
Microsoft Visual Studio Solution File, Format Version 12.00
# Visual Studio Version 17
VisualStudioVersion = 17.5.001.0
MinimumVisualStudioVersion = 10.0.40219.1
Project("{9A19103F-16F7-4668-BE54-9A1E7A4F7556}") = "RpgApi", "RpgApi.csproj", "{3F1051B7-7C66-4C24-951A-9932F25F96BB}"
EndProject
Global
	GlobalSection(SolutionConfigurationPlatforms) = preSolution
		Debug|Any CPU = Debug|Any CPU
		Release|Any CPU = Release|Any CPU
	EndGlobalSection
	GlobalSection(ProjectConfigurationPlatforms) = postSolution
		{3F1051B7-7C66-4C24-951A-9932F25F96BB}.Debug|Any CPU.ActiveCfg = Debug|Any CPU
		{3F1051B7-7C66-4C24-951A-9932F25F96BB}.Debug|Any CPU.Build.0 = Debug|Any CPU
		{3F1051B7-7C66-4C24-951A-9932F25F96BB}.Release|Any CPU.ActiveCfg = Release|Any CPU
		{3F1051B7-7C66-4C24-951A-9932F25F96BB}.Release|Any CPU.Build.0 = Release|Any CPU
	EndGlobalSection
	GlobalSection(SolutionProperties) = preSolution
		HideSolutionNode = FALSE
	EndGlobalSection
	GlobalSection(ExtensibilityGlobals) = postSolution
		SolutionGuid = {436CA868-9A95-4791-93B8-A9F3DAB072FE}
	EndGlobalSection
EndGlobal
